
Microsoft Visual Studio Solution File, Format Version 12.00
# Visual Studio Version 17
VisualStudioVersion = 17.12.35527.113 d17.12
MinimumVisualStudioVersion = 10.0.40219.1
Project("{FAE04EC0-301F-11D3-BF4B-00C04F79EFBC}") = "OOP", "OOP\OOP.csproj", "{24069930-3DA3-497A-8600-850A7071370C}"
EndProject
Project("{FAE04EC0-301F-11D3-BF4B-00C04F79EFBC}") = "OOP.Win32", "OOP.Win32\OOP.Win32.csproj", "{183050C3-73D7-4186-9EF3-8A181B55C841}"
EndProject
Global
	GlobalSection(SolutionConfigurationPlatforms) = preSolution
		Debug|Any CPU = Debug|Any CPU
		Release|Any CPU = Release|Any CPU
	EndGlobalSection
	GlobalSection(ProjectConfigurationPlatforms) = postSolution
		{24069930-3DA3-497A-8600-850A7071370C}.Debug|Any CPU.ActiveCfg = Debug|Any CPU
		{24069930-3DA3-497A-8600-850A7071370C}.Debug|Any CPU.Build.0 = Debug|Any CPU
		{24069930-3DA3-497A-8600-850A7071370C}.Release|Any CPU.ActiveCfg = Release|Any CPU
		{24069930-3DA3-497A-8600-850A7071370C}.Release|Any CPU.Build.0 = Release|Any CPU
		{183050C3-73D7-4186-9EF3-8A181B55C841}.Debug|Any CPU.ActiveCfg = Debug|Any CPU
		{183050C3-73D7-4186-9EF3-8A181B55C841}.Debug|Any CPU.Build.0 = Debug|Any CPU
		{183050C3-73D7-4186-9EF3-8A181B55C841}.Release|Any CPU.ActiveCfg = Release|Any CPU
		{183050C3-73D7-4186-9EF3-8A181B55C841}.Release|Any CPU.Build.0 = Release|Any CPU
	EndGlobalSection
	GlobalSection(SolutionProperties) = preSolution
		HideSolutionNode = FALSE
	EndGlobalSection
EndGlobal
